{
    "_readme": [
        "This file locks the dependencies of your project to a known state",
        "Read more about it at https://getcomposer.org/doc/01-basic-usage.md#installing-dependencies",
        "This file is @generated automatically"
    ],
    "content-hash": "388cff6e06b7e5abd2e1ec8f954b7723",
    "packages": [
        {
            "name": "microsoft/core",
            "version": "dev-master",
            "dist": {
                "type": "path",
                "url": "../microsoft-core",
                "reference": "1e8f86615aa001390cf5511d32db24483e711298"
            },
            "require": {
                "php": "^7.3|^8.0"
            },
            "require-dev": {
                "phpunit/phpunit": "^9.0"
            },
            "type": "library",
            "extra": {
                "branch-alias": {
                    "dev-master": "1.0-stable"
                }
            },
            "autoload": {
                "psr-4": {
                    "microsoft_core\\": ""
                }
            },
            "license": [
                "proprietary"
            ],
            "description": "Core library used by other Microsoft plugins",
            "keywords": [
                "core",
                "microsoft"
            ],
            "transport-options": {
                "symlink": true,
                "relative": true
            }
        }
    ],
    "packages-dev": [],
    "aliases": [],
    "minimum-stability": "dev",
    "stability-flags": [],
    "prefer-stable": false,
    "prefer-lowest": false,
    "platform": {
        "php": "^7.3|^8.0"
    },
    "platform-dev": [],
    "plugin-api-version": "2.0.0"
}
